
Microsoft Visual Studio Solution File, Format Version 12.00
# Visual Studio Version 17
VisualStudioVersion = 17.9.34714.143
MinimumVisualStudioVersion = 10.0.40219.1
Project("{9A19103F-16F7-4668-BE54-9A1E7A4F7556}") = "NinTest", "NinTest\NinTest.csproj", "{2E8ACEBF-2426-4356-9FF9-C2981EEEE499}"
EndProject
Project("{FAE04EC0-301F-11D3-BF4B-00C04F79EFBC}") = "NinTest.NUnitTests", "NinTest.NUnitTests\NinTest.NUnitTests.csproj", "{E7D371CF-502F-4EE3-98FD-D360B18D1C5E}"
EndProject
Project("{FAE04EC0-301F-11D3-BF4B-00C04F79EFBC}") = "NinTest.xUnitTests", "NinTest.xUnitTests\NinTest.xUnitTests.csproj", "{16DB1FD0-147A-4F53-8A36-8A648F204B74}"
EndProject
Global
	GlobalSection(SolutionConfigurationPlatforms) = preSolution
		Debug|Any CPU = Debug|Any CPU
		Release|Any CPU = Release|Any CPU
	EndGlobalSection
	GlobalSection(ProjectConfigurationPlatforms) = postSolution
		{2E8ACEBF-2426-4356-9FF9-C2981EEEE499}.Debug|Any CPU.ActiveCfg = Debug|Any CPU
		{2E8ACEBF-2426-4356-9FF9-C2981EEEE499}.Debug|Any CPU.Build.0 = Debug|Any CPU
		{2E8ACEBF-2426-4356-9FF9-C2981EEEE499}.Release|Any CPU.ActiveCfg = Release|Any CPU
		{2E8ACEBF-2426-4356-9FF9-C2981EEEE499}.Release|Any CPU.Build.0 = Release|Any CPU
		{E7D371CF-502F-4EE3-98FD-D360B18D1C5E}.Debug|Any CPU.ActiveCfg = Debug|Any CPU
		{E7D371CF-502F-4EE3-98FD-D360B18D1C5E}.Debug|Any CPU.Build.0 = Debug|Any CPU
		{E7D371CF-502F-4EE3-98FD-D360B18D1C5E}.Release|Any CPU.ActiveCfg = Release|Any CPU
		{E7D371CF-502F-4EE3-98FD-D360B18D1C5E}.Release|Any CPU.Build.0 = Release|Any CPU
		{16DB1FD0-147A-4F53-8A36-8A648F204B74}.Debug|Any CPU.ActiveCfg = Debug|Any CPU
		{16DB1FD0-147A-4F53-8A36-8A648F204B74}.Debug|Any CPU.Build.0 = Debug|Any CPU
		{16DB1FD0-147A-4F53-8A36-8A648F204B74}.Release|Any CPU.ActiveCfg = Release|Any CPU
		{16DB1FD0-147A-4F53-8A36-8A648F204B74}.Release|Any CPU.Build.0 = Release|Any CPU
	EndGlobalSection
	GlobalSection(SolutionProperties) = preSolution
		HideSolutionNode = FALSE
	EndGlobalSection
	GlobalSection(ExtensibilityGlobals) = postSolution
		SolutionGuid = {9AA31E16-017C-4C90-841D-F1E435DE65F2}
	EndGlobalSection
EndGlobal
